
Microsoft Visual Studio Solution File, Format Version 12.00
# Visual Studio 15
VisualStudioVersion = 15.0.28307.1145
MinimumVisualStudioVersion = 10.0.40219.1
Project("{FAE04EC0-301F-11D3-BF4B-00C04F79EFBC}") = "BMFilePublisher", "BMFilePublisher\BMFilePublisher.csproj", "{89A281AE-4CA0-44CD-B89E-7100A03E0420}"
EndProject
Global
	GlobalSection(SolutionConfigurationPlatforms) = preSolution
		Debug|Any CPU = Debug|Any CPU
		Release|Any CPU = Release|Any CPU
	EndGlobalSection
	GlobalSection(ProjectConfigurationPlatforms) = postSolution
		{89A281AE-4CA0-44CD-B89E-7100A03E0420}.Debug|Any CPU.ActiveCfg = Debug|Any CPU
		{89A281AE-4CA0-44CD-B89E-7100A03E0420}.Debug|Any CPU.Build.0 = Debug|Any CPU
		{89A281AE-4CA0-44CD-B89E-7100A03E0420}.Release|Any CPU.ActiveCfg = Release|Any CPU
		{89A281AE-4CA0-44CD-B89E-7100A03E0420}.Release|Any CPU.Build.0 = Release|Any CPU
	EndGlobalSection
	GlobalSection(SolutionProperties) = preSolution
		HideSolutionNode = FALSE
	EndGlobalSection
	GlobalSection(ExtensibilityGlobals) = postSolution
		SolutionGuid = {C9F337E2-8BB1-4CE3-80C6-6EEDC6E042BE}
	EndGlobalSection
EndGlobal
